
Microsoft Visual Studio Solution File, Format Version 12.00
# Visual Studio 15
VisualStudioVersion = 15.0.27428.2015
MinimumVisualStudioVersion = 10.0.40219.1
Project("{FAE04EC0-301F-11D3-BF4B-00C04F79EFBC}") = "Client", "Client\Client.csproj", "{EC29E44A-CB18-4F77-A04B-3BCEFD1D62FB}"
EndProject
Project("{FAE04EC0-301F-11D3-BF4B-00C04F79EFBC}") = "Models", "Models\Models.csproj", "{492BF93E-0737-4B21-9B2A-AC95B2BF3046}"
EndProject
Project("{FAE04EC0-301F-11D3-BF4B-00C04F79EFBC}") = "Helpers", "Helpers\Helpers.csproj", "{426854E8-AE3C-4739-99FE-0E219593EC38}"
EndProject
Project("{FAE04EC0-301F-11D3-BF4B-00C04F79EFBC}") = "Models.Groats", "Models.Groats\Models.Groats.csproj", "{A482F203-E015-400D-B56B-DCACA5DB0C66}"
EndProject
Project("{FAE04EC0-301F-11D3-BF4B-00C04F79EFBC}") = "UnknownModels", "UnknownModels\UnknownModels.csproj", "{490709C3-F26E-4E9A-8D84-A001C7D3B60B}"
EndProject
Project("{FAE04EC0-301F-11D3-BF4B-00C04F79EFBC}") = "Adapter", "Adapter\Adapter.csproj", "{FE1E4457-F236-47F5-BF63-B6963FD47DA1}"
EndProject
Global
	GlobalSection(SolutionConfigurationPlatforms) = preSolution
		Debug|Any CPU = Debug|Any CPU
		Release|Any CPU = Release|Any CPU
	EndGlobalSection
	GlobalSection(ProjectConfigurationPlatforms) = postSolution
		{EC29E44A-CB18-4F77-A04B-3BCEFD1D62FB}.Debug|Any CPU.ActiveCfg = Debug|Any CPU
		{EC29E44A-CB18-4F77-A04B-3BCEFD1D62FB}.Debug|Any CPU.Build.0 = Debug|Any CPU
		{EC29E44A-CB18-4F77-A04B-3BCEFD1D62FB}.Release|Any CPU.ActiveCfg = Release|Any CPU
		{EC29E44A-CB18-4F77-A04B-3BCEFD1D62FB}.Release|Any CPU.Build.0 = Release|Any CPU
		{492BF93E-0737-4B21-9B2A-AC95B2BF3046}.Debug|Any CPU.ActiveCfg = Debug|Any CPU
		{492BF93E-0737-4B21-9B2A-AC95B2BF3046}.Debug|Any CPU.Build.0 = Debug|Any CPU
		{492BF93E-0737-4B21-9B2A-AC95B2BF3046}.Release|Any CPU.ActiveCfg = Release|Any CPU
		{492BF93E-0737-4B21-9B2A-AC95B2BF3046}.Release|Any CPU.Build.0 = Release|Any CPU
		{426854E8-AE3C-4739-99FE-0E219593EC38}.Debug|Any CPU.ActiveCfg = Debug|Any CPU
		{426854E8-AE3C-4739-99FE-0E219593EC38}.Debug|Any CPU.Build.0 = Debug|Any CPU
		{426854E8-AE3C-4739-99FE-0E219593EC38}.Release|Any CPU.ActiveCfg = Release|Any CPU
		{426854E8-AE3C-4739-99FE-0E219593EC38}.Release|Any CPU.Build.0 = Release|Any CPU
		{A482F203-E015-400D-B56B-DCACA5DB0C66}.Debug|Any CPU.ActiveCfg = Debug|Any CPU
		{A482F203-E015-400D-B56B-DCACA5DB0C66}.Debug|Any CPU.Build.0 = Debug|Any CPU
		{A482F203-E015-400D-B56B-DCACA5DB0C66}.Release|Any CPU.ActiveCfg = Release|Any CPU
		{A482F203-E015-400D-B56B-DCACA5DB0C66}.Release|Any CPU.Build.0 = Release|Any CPU
		{490709C3-F26E-4E9A-8D84-A001C7D3B60B}.Debug|Any CPU.ActiveCfg = Debug|Any CPU
		{490709C3-F26E-4E9A-8D84-A001C7D3B60B}.Debug|Any CPU.Build.0 = Debug|Any CPU
		{490709C3-F26E-4E9A-8D84-A001C7D3B60B}.Release|Any CPU.ActiveCfg = Release|Any CPU
		{490709C3-F26E-4E9A-8D84-A001C7D3B60B}.Release|Any CPU.Build.0 = Release|Any CPU
		{FE1E4457-F236-47F5-BF63-B6963FD47DA1}.Debug|Any CPU.ActiveCfg = Debug|Any CPU
		{FE1E4457-F236-47F5-BF63-B6963FD47DA1}.Debug|Any CPU.Build.0 = Debug|Any CPU
		{FE1E4457-F236-47F5-BF63-B6963FD47DA1}.Release|Any CPU.ActiveCfg = Release|Any CPU
		{FE1E4457-F236-47F5-BF63-B6963FD47DA1}.Release|Any CPU.Build.0 = Release|Any CPU
	EndGlobalSection
	GlobalSection(SolutionProperties) = preSolution
		HideSolutionNode = FALSE
	EndGlobalSection
	GlobalSection(ExtensibilityGlobals) = postSolution
		SolutionGuid = {A6091DD6-DEB3-4880-A776-21C0CCC80DDE}
	EndGlobalSection
EndGlobal
