
Microsoft Visual Studio Solution File, Format Version 12.00
# Visual Studio 15
VisualStudioVersion = 15.0.27428.2015
MinimumVisualStudioVersion = 10.0.40219.1
Project("{FAE04EC0-301F-11D3-BF4B-00C04F79EFBC}") = "Services", "Services\Services.csproj", "{448A2523-7181-4962-B2E7-B962CF807F8C}"
EndProject
Project("{FAE04EC0-301F-11D3-BF4B-00C04F79EFBC}") = "ConsoleClient", "ConsoleClient\ConsoleClient.csproj", "{F9C32E83-1743-4D69-A596-7BEA759F3E88}"
EndProject
Global
	GlobalSection(SolutionConfigurationPlatforms) = preSolution
		Debug|Any CPU = Debug|Any CPU
		Release|Any CPU = Release|Any CPU
	EndGlobalSection
	GlobalSection(ProjectConfigurationPlatforms) = postSolution
		{448A2523-7181-4962-B2E7-B962CF807F8C}.Debug|Any CPU.ActiveCfg = Debug|Any CPU
		{448A2523-7181-4962-B2E7-B962CF807F8C}.Debug|Any CPU.Build.0 = Debug|Any CPU
		{448A2523-7181-4962-B2E7-B962CF807F8C}.Release|Any CPU.ActiveCfg = Release|Any CPU
		{448A2523-7181-4962-B2E7-B962CF807F8C}.Release|Any CPU.Build.0 = Release|Any CPU
		{F9C32E83-1743-4D69-A596-7BEA759F3E88}.Debug|Any CPU.ActiveCfg = Debug|Any CPU
		{F9C32E83-1743-4D69-A596-7BEA759F3E88}.Debug|Any CPU.Build.0 = Debug|Any CPU
		{F9C32E83-1743-4D69-A596-7BEA759F3E88}.Release|Any CPU.ActiveCfg = Release|Any CPU
		{F9C32E83-1743-4D69-A596-7BEA759F3E88}.Release|Any CPU.Build.0 = Release|Any CPU
	EndGlobalSection
	GlobalSection(SolutionProperties) = preSolution
		HideSolutionNode = FALSE
	EndGlobalSection
	GlobalSection(ExtensibilityGlobals) = postSolution
		SolutionGuid = {23FD3E5B-BEA0-4763-AB2C-A44947D72EA1}
	EndGlobalSection
EndGlobal
