
Microsoft Visual Studio Solution File, Format Version 12.00
# Visual Studio 15
VisualStudioVersion = 15.0.27428.2015
MinimumVisualStudioVersion = 10.0.40219.1
Project("{FAE04EC0-301F-11D3-BF4B-00C04F79EFBC}") = "ConsoleClient", "ConsoleClient\ConsoleClient.csproj", "{12869C5A-C1BC-4AE0-9893-6B615B8B892D}"
EndProject
Project("{FAE04EC0-301F-11D3-BF4B-00C04F79EFBC}") = "Services", "Services\Services.csproj", "{D8474A4C-E1AF-4E38-B180-4518407DD7D6}"
EndProject
Project("{FAE04EC0-301F-11D3-BF4B-00C04F79EFBC}") = "WinFormClient", "WinFormClient\WinFormClient.csproj", "{16B95592-6A0F-43F3-B369-FEAD450BEE88}"
EndProject
Global
	GlobalSection(SolutionConfigurationPlatforms) = preSolution
		Debug|Any CPU = Debug|Any CPU
		Release|Any CPU = Release|Any CPU
	EndGlobalSection
	GlobalSection(ProjectConfigurationPlatforms) = postSolution
		{12869C5A-C1BC-4AE0-9893-6B615B8B892D}.Debug|Any CPU.ActiveCfg = Debug|Any CPU
		{12869C5A-C1BC-4AE0-9893-6B615B8B892D}.Debug|Any CPU.Build.0 = Debug|Any CPU
		{12869C5A-C1BC-4AE0-9893-6B615B8B892D}.Release|Any CPU.ActiveCfg = Release|Any CPU
		{12869C5A-C1BC-4AE0-9893-6B615B8B892D}.Release|Any CPU.Build.0 = Release|Any CPU
		{D8474A4C-E1AF-4E38-B180-4518407DD7D6}.Debug|Any CPU.ActiveCfg = Debug|Any CPU
		{D8474A4C-E1AF-4E38-B180-4518407DD7D6}.Debug|Any CPU.Build.0 = Debug|Any CPU
		{D8474A4C-E1AF-4E38-B180-4518407DD7D6}.Release|Any CPU.ActiveCfg = Release|Any CPU
		{D8474A4C-E1AF-4E38-B180-4518407DD7D6}.Release|Any CPU.Build.0 = Release|Any CPU
		{16B95592-6A0F-43F3-B369-FEAD450BEE88}.Debug|Any CPU.ActiveCfg = Debug|Any CPU
		{16B95592-6A0F-43F3-B369-FEAD450BEE88}.Debug|Any CPU.Build.0 = Debug|Any CPU
		{16B95592-6A0F-43F3-B369-FEAD450BEE88}.Release|Any CPU.ActiveCfg = Release|Any CPU
		{16B95592-6A0F-43F3-B369-FEAD450BEE88}.Release|Any CPU.Build.0 = Release|Any CPU
	EndGlobalSection
	GlobalSection(SolutionProperties) = preSolution
		HideSolutionNode = FALSE
	EndGlobalSection
	GlobalSection(ExtensibilityGlobals) = postSolution
		SolutionGuid = {9846E8EB-2359-4FC7-9C2E-7726715BFBC8}
	EndGlobalSection
EndGlobal
